
Microsoft Visual Studio Solution File, Format Version 12.00
# Visual Studio Version 17
VisualStudioVersion = 17.6.33829.357
MinimumVisualStudioVersion = 10.0.40219.1
Project("{9A19103F-16F7-4668-BE54-9A1E7A4F7556}") = "SpotleGuessr", "SpotleGuessr\SpotleGuessr.csproj", "{EFCCB2A9-053C-43B1-BC53-C6BAD5C9E98A}"
EndProject
Project("{9A19103F-16F7-4668-BE54-9A1E7A4F7556}") = "JsonConverter", "JsonConverter\JsonConverter.csproj", "{A0B9ABB1-0CC8-4641-9C95-D11D744E5DCA}"
EndProject
Project("{9A19103F-16F7-4668-BE54-9A1E7A4F7556}") = "Models", "Models\Models.csproj", "{C4CCD0A1-CF56-4223-831F-4CBC3535F34B}"
EndProject
Project("{FAE04EC0-301F-11D3-BF4B-00C04F79EFBC}") = "guessr-console", "guessr-console\guessr-console.csproj", "{1B5EFC1B-7910-4040-9A4F-FBF836FC18FE}"
EndProject
Global
	GlobalSection(SolutionConfigurationPlatforms) = preSolution
		Debug|Any CPU = Debug|Any CPU
		Release|Any CPU = Release|Any CPU
	EndGlobalSection
	GlobalSection(ProjectConfigurationPlatforms) = postSolution
		{EFCCB2A9-053C-43B1-BC53-C6BAD5C9E98A}.Debug|Any CPU.ActiveCfg = Debug|Any CPU
		{EFCCB2A9-053C-43B1-BC53-C6BAD5C9E98A}.Debug|Any CPU.Build.0 = Debug|Any CPU
		{EFCCB2A9-053C-43B1-BC53-C6BAD5C9E98A}.Release|Any CPU.ActiveCfg = Release|Any CPU
		{EFCCB2A9-053C-43B1-BC53-C6BAD5C9E98A}.Release|Any CPU.Build.0 = Release|Any CPU
		{A0B9ABB1-0CC8-4641-9C95-D11D744E5DCA}.Debug|Any CPU.ActiveCfg = Debug|Any CPU
		{A0B9ABB1-0CC8-4641-9C95-D11D744E5DCA}.Debug|Any CPU.Build.0 = Debug|Any CPU
		{A0B9ABB1-0CC8-4641-9C95-D11D744E5DCA}.Release|Any CPU.ActiveCfg = Release|Any CPU
		{A0B9ABB1-0CC8-4641-9C95-D11D744E5DCA}.Release|Any CPU.Build.0 = Release|Any CPU
		{C4CCD0A1-CF56-4223-831F-4CBC3535F34B}.Debug|Any CPU.ActiveCfg = Debug|Any CPU
		{C4CCD0A1-CF56-4223-831F-4CBC3535F34B}.Debug|Any CPU.Build.0 = Debug|Any CPU
		{C4CCD0A1-CF56-4223-831F-4CBC3535F34B}.Release|Any CPU.ActiveCfg = Release|Any CPU
		{C4CCD0A1-CF56-4223-831F-4CBC3535F34B}.Release|Any CPU.Build.0 = Release|Any CPU
		{1B5EFC1B-7910-4040-9A4F-FBF836FC18FE}.Debug|Any CPU.ActiveCfg = Debug|Any CPU
		{1B5EFC1B-7910-4040-9A4F-FBF836FC18FE}.Debug|Any CPU.Build.0 = Debug|Any CPU
		{1B5EFC1B-7910-4040-9A4F-FBF836FC18FE}.Release|Any CPU.ActiveCfg = Release|Any CPU
		{1B5EFC1B-7910-4040-9A4F-FBF836FC18FE}.Release|Any CPU.Build.0 = Release|Any CPU
	EndGlobalSection
	GlobalSection(SolutionProperties) = preSolution
		HideSolutionNode = FALSE
	EndGlobalSection
	GlobalSection(ExtensibilityGlobals) = postSolution
		SolutionGuid = {C0603B28-8780-4AF0-AF5D-61506F584343}
	EndGlobalSection
EndGlobal
